
Microsoft Visual Studio Solution File, Format Version 12.00
# Visual Studio Version 17
VisualStudioVersion = 17.0.31611.283
MinimumVisualStudioVersion = 10.0.40219.1
Project("{9A19103F-16F7-4668-BE54-9A1E7A4F7556}") = "QuickDigits", "QuickDigits.csproj", "{4E0BAFC7-13EC-4F1C-BC4A-EDFB83713F3B}"
EndProject
Project("{FAE04EC0-301F-11D3-BF4B-00C04F79EFBC}") = "UnitTestProject", "..\UnitTestProject\UnitTestProject.csproj", "{C00C65DC-9F06-48B8-A24C-9E2901B4A08B}"
EndProject
Global
	GlobalSection(SolutionConfigurationPlatforms) = preSolution
		Debug|Any CPU = Debug|Any CPU
		Release|Any CPU = Release|Any CPU
	EndGlobalSection
	GlobalSection(ProjectConfigurationPlatforms) = postSolution
		{4E0BAFC7-13EC-4F1C-BC4A-EDFB83713F3B}.Debug|Any CPU.ActiveCfg = Debug|Any CPU
		{4E0BAFC7-13EC-4F1C-BC4A-EDFB83713F3B}.Debug|Any CPU.Build.0 = Debug|Any CPU
		{4E0BAFC7-13EC-4F1C-BC4A-EDFB83713F3B}.Debug|Any CPU.Deploy.0 = Debug|Any CPU
		{4E0BAFC7-13EC-4F1C-BC4A-EDFB83713F3B}.Release|Any CPU.ActiveCfg = Release|Any CPU
		{4E0BAFC7-13EC-4F1C-BC4A-EDFB83713F3B}.Release|Any CPU.Build.0 = Release|Any CPU
		{4E0BAFC7-13EC-4F1C-BC4A-EDFB83713F3B}.Release|Any CPU.Deploy.0 = Release|Any CPU
		{C00C65DC-9F06-48B8-A24C-9E2901B4A08B}.Debug|Any CPU.ActiveCfg = Debug|Any CPU
		{C00C65DC-9F06-48B8-A24C-9E2901B4A08B}.Debug|Any CPU.Build.0 = Debug|Any CPU
		{C00C65DC-9F06-48B8-A24C-9E2901B4A08B}.Release|Any CPU.ActiveCfg = Release|Any CPU
		{C00C65DC-9F06-48B8-A24C-9E2901B4A08B}.Release|Any CPU.Build.0 = Release|Any CPU
	EndGlobalSection
	GlobalSection(SolutionProperties) = preSolution
		HideSolutionNode = FALSE
	EndGlobalSection
	GlobalSection(ExtensibilityGlobals) = postSolution
		SolutionGuid = {61F7FB11-1E47-470C-91E2-47F8143E1572}
	EndGlobalSection
EndGlobal
